// !$*UTF8*$!
{
	archiveVersion = 1;
	classes = {
	};
	objectVersion = 77;
	objects = {

/* Begin PBXBuildFile section */
		A10000000000000000000001 /* PagelessDownloadActivity.appex in Embed App Extensions */ = {isa = PBXBuildFile; fileRef = A10000000000000000000004 /* PagelessDownloadActivity.appex */; settings = {ATTRIBUTES = (CodeSignOnCopy, RemoveHeadersOnCopy, ); }; };
		A10000000000000000000002 /* DownloadActivityAttributes.swift in Sources */ = {isa = PBXBuildFile; fileRef = A10000000000000000000005 /* DownloadActivityAttributes.swift */; };
		BC744B342F83D03C0007E60E /* StoreKit.framework in Frameworks */ = {isa = PBXBuildFile; fileRef = BC744B332F83D03C0007E60E /* StoreKit.framework */; };
/* End PBXBuildFile section */

/* Begin PBXContainerItemProxy section */
		A10000000000000000000003 /* PBXContainerItemProxy */ = {
			isa = PBXContainerItemProxy;
			containerPortal = BC74D7DE2F6986AC0070910C /* Project object */;
			proxyType = 1;
			remoteGlobalIDString = A10000000000000000000009;
			remoteInfo = PagelessDownloadActivity;
		};
		BC74D7F62F6986AD0070910C /* PBXContainerItemProxy */ = {
			isa = PBXContainerItemProxy;
			containerPortal = BC74D7DE2F6986AC0070910C /* Project object */;
			proxyType = 1;
			remoteGlobalIDString = BC74D7E52F6986AC0070910C;
			remoteInfo = Pageless;
		};
		BC74D8002F6986AD0070910C /* PBXContainerItemProxy */ = {
			isa = PBXContainerItemProxy;
			containerPortal = BC74D7DE2F6986AC0070910C /* Project object */;
			proxyType = 1;
			remoteGlobalIDString = BC74D7E52F6986AC0070910C;
			remoteInfo = Pageless;
		};
/* End PBXContainerItemProxy section */

/* Begin PBXFileReference section */
		A10000000000000000000004 /* PagelessDownloadActivity.appex */ = {isa = PBXFileReference; explicitFileType = "wrapper.app-extension"; includeInIndex = 0; path = PagelessDownloadActivity.appex; sourceTree = BUILT_PRODUCTS_DIR; };
		A10000000000000000000005 /* DownloadActivityAttributes.swift */ = {isa = PBXFileReference; lastKnownFileType = sourcecode.swift; path = Pageless/Downloads/DownloadActivityAttributes.swift; sourceTree = SOURCE_ROOT; };
		BC744B332F83D03C0007E60E /* StoreKit.framework */ = {isa = PBXFileReference; lastKnownFileType = wrapper.framework; name = StoreKit.framework; path = System/Library/Frameworks/StoreKit.framework; sourceTree = SDKROOT; };
		BC74D7E62F6986AC0070910C /* Pageless.app */ = {isa = PBXFileReference; explicitFileType = wrapper.application; includeInIndex = 0; path = Pageless.app; sourceTree = BUILT_PRODUCTS_DIR; };
		BC74D7F52F6986AD0070910C /* PagelessTests.xctest */ = {isa = PBXFileReference; explicitFileType = wrapper.cfbundle; includeInIndex = 0; path = PagelessTests.xctest; sourceTree = BUILT_PRODUCTS_DIR; };
		BC74D7FF2F6986AD0070910C /* PagelessUITests.xctest */ = {isa = PBXFileReference; explicitFileType = wrapper.cfbundle; includeInIndex = 0; path = PagelessUITests.xctest; sourceTree = BUILT_PRODUCTS_DIR; };
/* End PBXFileReference section */

/* Begin PBXFileSystemSynchronizedBuildFileExceptionSet section */
		A10000000000000000000016 /* Exceptions for "PagelessDownloadActivity" folder in "PagelessDownloadActivity" target */ = {
			isa = PBXFileSystemSynchronizedBuildFileExceptionSet;
			membershipExceptions = (
				Info.plist,
			);
			target = A10000000000000000000009 /* PagelessDownloadActivity */;
		};
/* End PBXFileSystemSynchronizedBuildFileExceptionSet section */

/* Begin PBXFileSystemSynchronizedRootGroup section */
		A10000000000000000000006 /* PagelessDownloadActivity */ = {
			isa = PBXFileSystemSynchronizedRootGroup;
			exceptions = (
				A10000000000000000000016 /* Exceptions for "PagelessDownloadActivity" folder in "PagelessDownloadActivity" target */,
			);
			path = PagelessDownloadActivity;
			sourceTree = "<group>";
		};
		BC74D7E82F6986AC0070910C /* Pageless */ = {
			isa = PBXFileSystemSynchronizedRootGroup;
			path = Pageless;
			sourceTree = "<group>";
		};
		BC74D7F82F6986AD0070910C /* PagelessTests */ = {
			isa = PBXFileSystemSynchronizedRootGroup;
			path = PagelessTests;
			sourceTree = "<group>";
		};
		BC74D8022F6986AD0070910C /* PagelessUITests */ = {
			isa = PBXFileSystemSynchronizedRootGroup;
			path = PagelessUITests;
			sourceTree = "<group>";
		};
/* End PBXFileSystemSynchronizedRootGroup section */

/* Begin PBXFrameworksBuildPhase section */
		A10000000000000000000007 /* Frameworks */ = {
			isa = PBXFrameworksBuildPhase;
			buildActionMask = 2147483647;
			files = (
			);
			runOnlyForDeploymentPostprocessing = 0;
		};
		BC74D7E32F6986AC0070910C /* Frameworks */ = {
			isa = PBXFrameworksBuildPhase;
			buildActionMask = 2147483647;
			files = (
				BC744B342F83D03C0007E60E /* StoreKit.framework in Frameworks */,
			);
			runOnlyForDeploymentPostprocessing = 0;
		};
		BC74D7F22F6986AD0070910C /* Frameworks */ = {
			isa = PBXFrameworksBuildPhase;
			buildActionMask = 2147483647;
			files = (
			);
			runOnlyForDeploymentPostprocessing = 0;
		};
		BC74D7FC2F6986AD0070910C /* Frameworks */ = {
			isa = PBXFrameworksBuildPhase;
			buildActionMask = 2147483647;
			files = (
			);
			runOnlyForDeploymentPostprocessing = 0;
		};
/* End PBXFrameworksBuildPhase section */

/* Begin PBXGroup section */
		BC744B322F83D03C0007E60E /* Frameworks */ = {
			isa = PBXGroup;
			children = (
				BC744B332F83D03C0007E60E /* StoreKit.framework */,
			);
			name = Frameworks;
			sourceTree = "<group>";
		};
		BC74D7DD2F6986AC0070910C = {
			isa = PBXGroup;
			children = (
				BC74D7E82F6986AC0070910C /* Pageless */,
				A10000000000000000000006 /* PagelessDownloadActivity */,
				A10000000000000000000005 /* DownloadActivityAttributes.swift */,
				BC74D7F82F6986AD0070910C /* PagelessTests */,
				BC74D8022F6986AD0070910C /* PagelessUITests */,
				BC744B322F83D03C0007E60E /* Frameworks */,
				BC74D7E72F6986AC0070910C /* Products */,
			);
			sourceTree = "<group>";
		};
		BC74D7E72F6986AC0070910C /* Products */ = {
			isa = PBXGroup;
			children = (
				BC74D7E62F6986AC0070910C /* Pageless.app */,
				A10000000000000000000004 /* PagelessDownloadActivity.appex */,
				BC74D7F52F6986AD0070910C /* PagelessTests.xctest */,
				BC74D7FF2F6986AD0070910C /* PagelessUITests.xctest */,
			);
			name = Products;
			sourceTree = "<group>";
		};
/* End PBXGroup section */

/* Begin PBXCopyFilesBuildPhase section */
		A10000000000000000000008 /* Embed App Extensions */ = {
			isa = PBXCopyFilesBuildPhase;
			buildActionMask = 2147483647;
			dstPath = "";
			dstSubfolderSpec = 13;
			files = (
				A10000000000000000000001 /* PagelessDownloadActivity.appex in Embed App Extensions */,
			);
			name = "Embed App Extensions";
			runOnlyForDeploymentPostprocessing = 0;
		};
/* End PBXCopyFilesBuildPhase section */

/* Begin PBXNativeTarget section */
		BC74D7E52F6986AC0070910C /* Pageless */ = {
			isa = PBXNativeTarget;
			buildConfigurationList = BC74D8092F6986AD0070910C /* Build configuration list for PBXNativeTarget "Pageless" */;
			buildPhases = (
				BC74D7E22F6986AC0070910C /* Sources */,
				BC74D7E32F6986AC0070910C /* Frameworks */,
				BC74D7E42F6986AC0070910C /* Resources */,
				A10000000000000000000008 /* Embed App Extensions */,
			);
			buildRules = (
			);
			dependencies = (
				A10000000000000000000012 /* PBXTargetDependency */,
			);
			fileSystemSynchronizedGroups = (
				BC74D7E82F6986AC0070910C /* Pageless */,
			);
			name = Pageless;
			packageProductDependencies = (
			);
			productName = Pageless;
			productReference = BC74D7E62F6986AC0070910C /* Pageless.app */;
			productType = "com.apple.product-type.application";
		};
		A10000000000000000000009 /* PagelessDownloadActivity */ = {
			isa = PBXNativeTarget;
			buildConfigurationList = A10000000000000000000015 /* Build configuration list for PBXNativeTarget "PagelessDownloadActivity" */;
			buildPhases = (
				A10000000000000000000011 /* Sources */,
				A10000000000000000000007 /* Frameworks */,
				A10000000000000000000010 /* Resources */,
			);
			buildRules = (
			);
			dependencies = (
			);
			fileSystemSynchronizedGroups = (
				A10000000000000000000006 /* PagelessDownloadActivity */,
			);
			name = PagelessDownloadActivity;
			packageProductDependencies = (
			);
			productName = PagelessDownloadActivity;
			productReference = A10000000000000000000004 /* PagelessDownloadActivity.appex */;
			productType = "com.apple.product-type.app-extension";
		};
		BC74D7F42F6986AD0070910C /* PagelessTests */ = {
			isa = PBXNativeTarget;
			buildConfigurationList = BC74D80C2F6986AD0070910C /* Build configuration list for PBXNativeTarget "PagelessTests" */;
			buildPhases = (
				BC74D7F12F6986AD0070910C /* Sources */,
				BC74D7F22F6986AD0070910C /* Frameworks */,
				BC74D7F32F6986AD0070910C /* Resources */,
			);
			buildRules = (
			);
			dependencies = (
				BC74D7F72F6986AD0070910C /* PBXTargetDependency */,
			);
			fileSystemSynchronizedGroups = (
				BC74D7F82F6986AD0070910C /* PagelessTests */,
			);
			name = PagelessTests;
			packageProductDependencies = (
			);
			productName = PagelessTests;
			productReference = BC74D7F52F6986AD0070910C /* PagelessTests.xctest */;
			productType = "com.apple.product-type.bundle.unit-test";
		};
		BC74D7FE2F6986AD0070910C /* PagelessUITests */ = {
			isa = PBXNativeTarget;
			buildConfigurationList = BC74D80F2F6986AD0070910C /* Build configuration list for PBXNativeTarget "PagelessUITests" */;
			buildPhases = (
				BC74D7FB2F6986AD0070910C /* Sources */,
				BC74D7FC2F6986AD0070910C /* Frameworks */,
				BC74D7FD2F6986AD0070910C /* Resources */,
			);
			buildRules = (
			);
			dependencies = (
				BC74D8012F6986AD0070910C /* PBXTargetDependency */,
			);
			fileSystemSynchronizedGroups = (
				BC74D8022F6986AD0070910C /* PagelessUITests */,
			);
			name = PagelessUITests;
			packageProductDependencies = (
			);
			productName = PagelessUITests;
			productReference = BC74D7FF2F6986AD0070910C /* PagelessUITests.xctest */;
			productType = "com.apple.product-type.bundle.ui-testing";
		};
/* End PBXNativeTarget section */

/* Begin PBXProject section */
		BC74D7DE2F6986AC0070910C /* Project object */ = {
			isa = PBXProject;
			attributes = {
				BuildIndependentTargetsInParallel = 1;
				LastSwiftUpdateCheck = 2630;
				LastUpgradeCheck = 2630;
				TargetAttributes = {
					A10000000000000000000009 = {
						CreatedOnToolsVersion = 26.3;
					};
					BC74D7E52F6986AC0070910C = {
						CreatedOnToolsVersion = 26.3;
					};
					BC74D7F42F6986AD0070910C = {
						CreatedOnToolsVersion = 26.3;
						TestTargetID = BC74D7E52F6986AC0070910C;
					};
					BC74D7FE2F6986AD0070910C = {
						CreatedOnToolsVersion = 26.3;
						TestTargetID = BC74D7E52F6986AC0070910C;
					};
				};
			};
			buildConfigurationList = BC74D7E12F6986AC0070910C /* Build configuration list for PBXProject "Pageless" */;
			developmentRegion = en;
			hasScannedForEncodings = 0;
			knownRegions = (
				en,
				Base,
			);
			mainGroup = BC74D7DD2F6986AC0070910C;
			minimizedProjectReferenceProxies = 1;
			packageReferences = (
			);
			preferredProjectObjectVersion = 77;
			productRefGroup = BC74D7E72F6986AC0070910C /* Products */;
			projectDirPath = "";
			projectRoot = "";
			targets = (
				BC74D7E52F6986AC0070910C /* Pageless */,
				A10000000000000000000009 /* PagelessDownloadActivity */,
				BC74D7F42F6986AD0070910C /* PagelessTests */,
				BC74D7FE2F6986AD0070910C /* PagelessUITests */,
			);
		};
/* End PBXProject section */

/* Begin PBXResourcesBuildPhase section */
		A10000000000000000000010 /* Resources */ = {
			isa = PBXResourcesBuildPhase;
			buildActionMask = 2147483647;
			files = (
			);
			runOnlyForDeploymentPostprocessing = 0;
		};
		BC74D7E42F6986AC0070910C /* Resources */ = {
			isa = PBXResourcesBuildPhase;
			buildActionMask = 2147483647;
			files = (
			);
			runOnlyForDeploymentPostprocessing = 0;
		};
		BC74D7F32F6986AD0070910C /* Resources */ = {
			isa = PBXResourcesBuildPhase;
			buildActionMask = 2147483647;
			files = (
			);
			runOnlyForDeploymentPostprocessing = 0;
		};
		BC74D7FD2F6986AD0070910C /* Resources */ = {
			isa = PBXResourcesBuildPhase;
			buildActionMask = 2147483647;
			files = (
			);
			runOnlyForDeploymentPostprocessing = 0;
		};
/* End PBXResourcesBuildPhase section */

/* Begin PBXSourcesBuildPhase section */
		A10000000000000000000011 /* Sources */ = {
			isa = PBXSourcesBuildPhase;
			buildActionMask = 2147483647;
			files = (
				A10000000000000000000002 /* DownloadActivityAttributes.swift in Sources */,
			);
			runOnlyForDeploymentPostprocessing = 0;
		};
		BC74D7E22F6986AC0070910C /* Sources */ = {
			isa = PBXSourcesBuildPhase;
			buildActionMask = 2147483647;
			files = (
			);
			runOnlyForDeploymentPostprocessing = 0;
		};
		BC74D7F12F6986AD0070910C /* Sources */ = {
			isa = PBXSourcesBuildPhase;
			buildActionMask = 2147483647;
			files = (
			);
			runOnlyForDeploymentPostprocessing = 0;
		};
		BC74D7FB2F6986AD0070910C /* Sources */ = {
			isa = PBXSourcesBuildPhase;
			buildActionMask = 2147483647;
			files = (
			);
			runOnlyForDeploymentPostprocessing = 0;
		};
/* End PBXSourcesBuildPhase section */

/* Begin PBXTargetDependency section */
		A10000000000000000000012 /* PBXTargetDependency */ = {
			isa = PBXTargetDependency;
			target = A10000000000000000000009 /* PagelessDownloadActivity */;
			targetProxy = A10000000000000000000003 /* PBXContainerItemProxy */;
		};
		BC74D7F72F6986AD0070910C /* PBXTargetDependency */ = {
			isa = PBXTargetDependency;
			target = BC74D7E52F6986AC0070910C /* Pageless */;
			targetProxy = BC74D7F62F6986AD0070910C /* PBXContainerItemProxy */;
		};
		BC74D8012F6986AD0070910C /* PBXTargetDependency */ = {
			isa = PBXTargetDependency;
			target = BC74D7E52F6986AC0070910C /* Pageless */;
			targetProxy = BC74D8002F6986AD0070910C /* PBXContainerItemProxy */;
		};
/* End PBXTargetDependency section */

/* Begin XCBuildConfiguration section */
		A10000000000000000000013 /* Debug */ = {
			isa = XCBuildConfiguration;
			buildSettings = {
				APPLICATION_EXTENSION_API_ONLY = YES;
				CODE_SIGN_IDENTITY = "Apple Development";
				CODE_SIGN_STYLE = Automatic;
				CURRENT_PROJECT_VERSION = 1;
				DEVELOPMENT_TEAM = WR23UX8DY4;
				GENERATE_INFOPLIST_FILE = NO;
				INFOPLIST_FILE = PagelessDownloadActivity/Info.plist;
				IPHONEOS_DEPLOYMENT_TARGET = 18.0;
				LD_RUNPATH_SEARCH_PATHS = (
					"$(inherited)",
					"@executable_path/Frameworks",
					"@executable_path/../../Frameworks",
				);
				MARKETING_VERSION = 1.3.3;
				PRODUCT_BUNDLE_IDENTIFIER = andreibaludev.Pageless.DownloadActivity;
				PRODUCT_NAME = "$(TARGET_NAME)";
				SKIP_INSTALL = YES;
				SWIFT_APPROACHABLE_CONCURRENCY = YES;
				SWIFT_DEFAULT_ACTOR_ISOLATION = MainActor;
				SWIFT_EMIT_LOC_STRINGS = YES;
				SWIFT_UPCOMING_FEATURE_MEMBER_IMPORT_VISIBILITY = YES;
				SWIFT_VERSION = 5.0;
				TARGETED_DEVICE_FAMILY = 1;
			};
			name = Debug;
		};
		A10000000000000000000014 /* Release */ = {
			isa = XCBuildConfiguration;
			buildSettings = {
				APPLICATION_EXTENSION_API_ONLY = YES;
				CODE_SIGN_IDENTITY = "Apple Development";
				CODE_SIGN_STYLE = Automatic;
				CURRENT_PROJECT_VERSION = 1;
				DEVELOPMENT_TEAM = WR23UX8DY4;
				GENERATE_INFOPLIST_FILE = NO;
				INFOPLIST_FILE = PagelessDownloadActivity/Info.plist;
				IPHONEOS_DEPLOYMENT_TARGET = 18.0;
				LD_RUNPATH_SEARCH_PATHS = (
					"$(inherited)",
					"@executable_path/Frameworks",
					"@executable_path/../../Frameworks",
				);
				MARKETING_VERSION = 1.3.3;
				PRODUCT_BUNDLE_IDENTIFIER = andreibaludev.Pageless.DownloadActivity;
				PRODUCT_NAME = "$(TARGET_NAME)";
				SKIP_INSTALL = YES;
				SWIFT_APPROACHABLE_CONCURRENCY = YES;
				SWIFT_DEFAULT_ACTOR_ISOLATION = MainActor;
				SWIFT_EMIT_LOC_STRINGS = YES;
				SWIFT_UPCOMING_FEATURE_MEMBER_IMPORT_VISIBILITY = YES;
				SWIFT_VERSION = 5.0;
				TARGETED_DEVICE_FAMILY = 1;
			};
			name = Release;
		};
		BC74D8072F6986AD0070910C /* Debug */ = {
			isa = XCBuildConfiguration;
			buildSettings = {
				ALWAYS_SEARCH_USER_PATHS = NO;
				ASSETCATALOG_COMPILER_GENERATE_SWIFT_ASSET_SYMBOL_EXTENSIONS = YES;
				CLANG_ANALYZER_NONNULL = YES;
				CLANG_ANALYZER_NUMBER_OBJECT_CONVERSION = YES_AGGRESSIVE;
				CLANG_CXX_LANGUAGE_STANDARD = "gnu++20";
				CLANG_ENABLE_MODULES = YES;
				CLANG_ENABLE_OBJC_ARC = YES;
				CLANG_ENABLE_OBJC_WEAK = YES;
				CLANG_WARN_BLOCK_CAPTURE_AUTORELEASING = YES;
				CLANG_WARN_BOOL_CONVERSION = YES;
				CLANG_WARN_COMMA = YES;
				CLANG_WARN_CONSTANT_CONVERSION = YES;
				CLANG_WARN_DEPRECATED_OBJC_IMPLEMENTATIONS = YES;
				CLANG_WARN_DIRECT_OBJC_ISA_USAGE = YES_ERROR;
				CLANG_WARN_DOCUMENTATION_COMMENTS = YES;
				CLANG_WARN_EMPTY_BODY = YES;
				CLANG_WARN_ENUM_CONVERSION = YES;
				CLANG_WARN_INFINITE_RECURSION = YES;
				CLANG_WARN_INT_CONVERSION = YES;
				CLANG_WARN_NON_LITERAL_NULL_CONVERSION = YES;
				CLANG_WARN_OBJC_IMPLICIT_RETAIN_SELF = YES;
				CLANG_WARN_OBJC_LITERAL_CONVERSION = YES;
				CLANG_WARN_OBJC_ROOT_CLASS = YES_ERROR;
				CLANG_WARN_QUOTED_INCLUDE_IN_FRAMEWORK_HEADER = YES;
				CLANG_WARN_RANGE_LOOP_ANALYSIS = YES;
				CLANG_WARN_STRICT_PROTOTYPES = YES;
				CLANG_WARN_SUSPICIOUS_MOVE = YES;
				CLANG_WARN_UNGUARDED_AVAILABILITY = YES_AGGRESSIVE;
				CLANG_WARN_UNREACHABLE_CODE = YES;
				CLANG_WARN__DUPLICATE_METHOD_MATCH = YES;
				COPY_PHASE_STRIP = NO;
				DEBUG_INFORMATION_FORMAT = dwarf;
				DEVELOPMENT_TEAM = WR23UX8DY4;
				ENABLE_STRICT_OBJC_MSGSEND = YES;
				ENABLE_TESTABILITY = YES;
				ENABLE_USER_SCRIPT_SANDBOXING = YES;
				GCC_C_LANGUAGE_STANDARD = gnu17;
				GCC_DYNAMIC_NO_PIC = NO;
				GCC_NO_COMMON_BLOCKS = YES;
				GCC_OPTIMIZATION_LEVEL = 0;
				GCC_PREPROCESSOR_DEFINITIONS = (
					"DEBUG=1",
					"$(inherited)",
				);
				GCC_WARN_64_TO_32_BIT_CONVERSION = YES;
				GCC_WARN_ABOUT_RETURN_TYPE = YES_ERROR;
				GCC_WARN_UNDECLARED_SELECTOR = YES;
				GCC_WARN_UNINITIALIZED_AUTOS = YES_AGGRESSIVE;
				GCC_WARN_UNUSED_FUNCTION = YES;
				GCC_WARN_UNUSED_VARIABLE = YES;
				IPHONEOS_DEPLOYMENT_TARGET = 18.0;
				LOCALIZATION_PREFERS_STRING_CATALOGS = YES;
				MTL_ENABLE_DEBUG_INFO = INCLUDE_SOURCE;
				MTL_FAST_MATH = YES;
				ONLY_ACTIVE_ARCH = YES;
				SDKROOT = iphoneos;
				SWIFT_ACTIVE_COMPILATION_CONDITIONS = "DEBUG $(inherited)";
				SWIFT_OPTIMIZATION_LEVEL = "-Onone";
			};
			name = Debug;
		};
		BC74D8082F6986AD0070910C /* Release */ = {
			isa = XCBuildConfiguration;
			buildSettings = {
				ALWAYS_SEARCH_USER_PATHS = NO;
				ASSETCATALOG_COMPILER_GENERATE_SWIFT_ASSET_SYMBOL_EXTENSIONS = YES;
				CLANG_ANALYZER_NONNULL = YES;
				CLANG_ANALYZER_NUMBER_OBJECT_CONVERSION = YES_AGGRESSIVE;
				CLANG_CXX_LANGUAGE_STANDARD = "gnu++20";
				CLANG_ENABLE_MODULES = YES;
				CLANG_ENABLE_OBJC_ARC = YES;
				CLANG_ENABLE_OBJC_WEAK = YES;
				CLANG_WARN_BLOCK_CAPTURE_AUTORELEASING = YES;
				CLANG_WARN_BOOL_CONVERSION = YES;
				CLANG_WARN_COMMA = YES;
				CLANG_WARN_CONSTANT_CONVERSION = YES;
				CLANG_WARN_DEPRECATED_OBJC_IMPLEMENTATIONS = YES;
				CLANG_WARN_DIRECT_OBJC_ISA_USAGE = YES_ERROR;
				CLANG_WARN_DOCUMENTATION_COMMENTS = YES;
				CLANG_WARN_EMPTY_BODY = YES;
				CLANG_WARN_ENUM_CONVERSION = YES;
				CLANG_WARN_INFINITE_RECURSION = YES;
				CLANG_WARN_INT_CONVERSION = YES;
				CLANG_WARN_NON_LITERAL_NULL_CONVERSION = YES;
				CLANG_WARN_OBJC_IMPLICIT_RETAIN_SELF = YES;
				CLANG_WARN_OBJC_LITERAL_CONVERSION = YES;
				CLANG_WARN_OBJC_ROOT_CLASS = YES_ERROR;
				CLANG_WARN_QUOTED_INCLUDE_IN_FRAMEWORK_HEADER = YES;
				CLANG_WARN_RANGE_LOOP_ANALYSIS = YES;
				CLANG_WARN_STRICT_PROTOTYPES = YES;
				CLANG_WARN_SUSPICIOUS_MOVE = YES;
				CLANG_WARN_UNGUARDED_AVAILABILITY = YES_AGGRESSIVE;
				CLANG_WARN_UNREACHABLE_CODE = YES;
				CLANG_WARN__DUPLICATE_METHOD_MATCH = YES;
				COPY_PHASE_STRIP = NO;
				DEBUG_INFORMATION_FORMAT = "dwarf-with-dsym";
				DEVELOPMENT_TEAM = WR23UX8DY4;
				ENABLE_NS_ASSERTIONS = NO;
				ENABLE_STRICT_OBJC_MSGSEND = YES;
				ENABLE_USER_SCRIPT_SANDBOXING = YES;
				GCC_C_LANGUAGE_STANDARD = gnu17;
				GCC_NO_COMMON_BLOCKS = YES;
				GCC_WARN_64_TO_32_BIT_CONVERSION = YES;
				GCC_WARN_ABOUT_RETURN_TYPE = YES_ERROR;
				GCC_WARN_UNDECLARED_SELECTOR = YES;
				GCC_WARN_UNINITIALIZED_AUTOS = YES_AGGRESSIVE;
				GCC_WARN_UNUSED_FUNCTION = YES;
				GCC_WARN_UNUSED_VARIABLE = YES;
				IPHONEOS_DEPLOYMENT_TARGET = 18.0;
				LOCALIZATION_PREFERS_STRING_CATALOGS = YES;
				MTL_ENABLE_DEBUG_INFO = NO;
				MTL_FAST_MATH = YES;
				SDKROOT = iphoneos;
				SWIFT_COMPILATION_MODE = wholemodule;
				VALIDATE_PRODUCT = YES;
			};
			name = Release;
		};
		BC74D80A2F6986AD0070910C /* Debug */ = {
			isa = XCBuildConfiguration;
			buildSettings = {
				ASSETCATALOG_COMPILER_APPICON_NAME = AppIcon;
				ASSETCATALOG_COMPILER_GLOBAL_ACCENT_COLOR_NAME = AccentColor;
				CODE_SIGN_ENTITLEMENTS = Pageless/Pageless.entitlements;
				CODE_SIGN_IDENTITY = "Apple Development";
				CODE_SIGN_STYLE = Automatic;
				CURRENT_PROJECT_VERSION = 1;
				DEVELOPMENT_TEAM = WR23UX8DY4;
				ENABLE_PREVIEWS = YES;
				GENERATE_INFOPLIST_FILE = NO;
				INFOPLIST_FILE = Info.plist;
				INFOPLIST_KEY_UIApplicationSceneManifest_Generation = YES;
				INFOPLIST_KEY_UIApplicationSupportsIndirectInputEvents = YES;
				INFOPLIST_KEY_UILaunchScreen_Generation = YES;
				INFOPLIST_KEY_UISupportedInterfaceOrientations_iPad = "UIInterfaceOrientationPortrait UIInterfaceOrientationPortraitUpsideDown UIInterfaceOrientationLandscapeLeft UIInterfaceOrientationLandscapeRight";
				INFOPLIST_KEY_UISupportedInterfaceOrientations_iPhone = "UIInterfaceOrientationPortrait UIInterfaceOrientationLandscapeLeft UIInterfaceOrientationLandscapeRight";
				LD_RUNPATH_SEARCH_PATHS = (
					"$(inherited)",
					"@executable_path/Frameworks",
				);
				MARKETING_VERSION = 1.3.3;
				OTHER_LDFLAGS = (
					"$(inherited)",
					"-framework",
					CarPlay,
				);
				PRODUCT_BUNDLE_IDENTIFIER = andreibaludev.Pageless;
				PRODUCT_NAME = "$(TARGET_NAME)";
				PROVISIONING_PROFILE_SPECIFIER = "";
				STRING_CATALOG_GENERATE_SYMBOLS = YES;
				SWIFT_APPROACHABLE_CONCURRENCY = YES;
				SWIFT_DEFAULT_ACTOR_ISOLATION = MainActor;
				SWIFT_EMIT_LOC_STRINGS = YES;
				SWIFT_UPCOMING_FEATURE_MEMBER_IMPORT_VISIBILITY = YES;
				SWIFT_VERSION = 5.0;
				TARGETED_DEVICE_FAMILY = 1;
			};
			name = Debug;
		};
		BC74D80B2F6986AD0070910C /* Release */ = {
			isa = XCBuildConfiguration;
			buildSettings = {
				ASSETCATALOG_COMPILER_APPICON_NAME = AppIcon;
				ASSETCATALOG_COMPILER_GLOBAL_ACCENT_COLOR_NAME = AccentColor;
				CODE_SIGN_ENTITLEMENTS = Pageless/Pageless.entitlements;
				CODE_SIGN_IDENTITY = "Apple Development";
				CODE_SIGN_STYLE = Automatic;
				CURRENT_PROJECT_VERSION = 1;
				DEVELOPMENT_TEAM = WR23UX8DY4;
				ENABLE_PREVIEWS = YES;
				GENERATE_INFOPLIST_FILE = NO;
				INFOPLIST_FILE = Info.plist;
				INFOPLIST_KEY_UIApplicationSceneManifest_Generation = YES;
				INFOPLIST_KEY_UIApplicationSupportsIndirectInputEvents = YES;
				INFOPLIST_KEY_UILaunchScreen_Generation = YES;
				INFOPLIST_KEY_UISupportedInterfaceOrientations_iPad = "UIInterfaceOrientationPortrait UIInterfaceOrientationPortraitUpsideDown UIInterfaceOrientationLandscapeLeft UIInterfaceOrientationLandscapeRight";
				INFOPLIST_KEY_UISupportedInterfaceOrientations_iPhone = "UIInterfaceOrientationPortrait UIInterfaceOrientationLandscapeLeft UIInterfaceOrientationLandscapeRight";
				LD_RUNPATH_SEARCH_PATHS = (
					"$(inherited)",
					"@executable_path/Frameworks",
				);
				MARKETING_VERSION = 1.3.3;
				OTHER_LDFLAGS = (
					"$(inherited)",
					"-framework",
					CarPlay,
				);
				PRODUCT_BUNDLE_IDENTIFIER = andreibaludev.Pageless;
				PRODUCT_NAME = "$(TARGET_NAME)";
				PROVISIONING_PROFILE_SPECIFIER = "";
				STRING_CATALOG_GENERATE_SYMBOLS = YES;
				SWIFT_APPROACHABLE_CONCURRENCY = YES;
				SWIFT_DEFAULT_ACTOR_ISOLATION = MainActor;
				SWIFT_EMIT_LOC_STRINGS = YES;
				SWIFT_UPCOMING_FEATURE_MEMBER_IMPORT_VISIBILITY = YES;
				SWIFT_VERSION = 5.0;
				TARGETED_DEVICE_FAMILY = 1;
			};
			name = Release;
		};
		BC74D80D2F6986AD0070910C /* Debug */ = {
			isa = XCBuildConfiguration;
			buildSettings = {
				BUNDLE_LOADER = "$(TEST_HOST)";
				CODE_SIGN_STYLE = Automatic;
				CURRENT_PROJECT_VERSION = 1;
				DEVELOPMENT_TEAM = WR23UX8DY4;
				GENERATE_INFOPLIST_FILE = YES;
				IPHONEOS_DEPLOYMENT_TARGET = 18.0;
				MARKETING_VERSION = 1.3.3;
				PRODUCT_BUNDLE_IDENTIFIER = andreibaludev.PagelessTests;
				PRODUCT_NAME = "$(TARGET_NAME)";
				STRING_CATALOG_GENERATE_SYMBOLS = NO;
				SWIFT_APPROACHABLE_CONCURRENCY = YES;
				SWIFT_EMIT_LOC_STRINGS = NO;
				SWIFT_UPCOMING_FEATURE_MEMBER_IMPORT_VISIBILITY = YES;
				SWIFT_VERSION = 5.0;
				TARGETED_DEVICE_FAMILY = 1;
				TEST_HOST = "$(BUILT_PRODUCTS_DIR)/Pageless.app/$(BUNDLE_EXECUTABLE_FOLDER_PATH)/Pageless";
			};
			name = Debug;
		};
		BC74D80E2F6986AD0070910C /* Release */ = {
			isa = XCBuildConfiguration;
			buildSettings = {
				BUNDLE_LOADER = "$(TEST_HOST)";
				CODE_SIGN_STYLE = Automatic;
				CURRENT_PROJECT_VERSION = 1;
				DEVELOPMENT_TEAM = WR23UX8DY4;
				GENERATE_INFOPLIST_FILE = YES;
				IPHONEOS_DEPLOYMENT_TARGET = 18.0;
				MARKETING_VERSION = 1.3.3;
				PRODUCT_BUNDLE_IDENTIFIER = andreibaludev.PagelessTests;
				PRODUCT_NAME = "$(TARGET_NAME)";
				STRING_CATALOG_GENERATE_SYMBOLS = NO;
				SWIFT_APPROACHABLE_CONCURRENCY = YES;
				SWIFT_EMIT_LOC_STRINGS = NO;
				SWIFT_UPCOMING_FEATURE_MEMBER_IMPORT_VISIBILITY = YES;
				SWIFT_VERSION = 5.0;
				TARGETED_DEVICE_FAMILY = 1;
				TEST_HOST = "$(BUILT_PRODUCTS_DIR)/Pageless.app/$(BUNDLE_EXECUTABLE_FOLDER_PATH)/Pageless";
			};
			name = Release;
		};
		BC74D8102F6986AD0070910C /* Debug */ = {
			isa = XCBuildConfiguration;
			buildSettings = {
				CODE_SIGN_STYLE = Automatic;
				CURRENT_PROJECT_VERSION = 1;
				DEVELOPMENT_TEAM = WR23UX8DY4;
				GENERATE_INFOPLIST_FILE = YES;
				MARKETING_VERSION = 1.3.3;
				PRODUCT_BUNDLE_IDENTIFIER = andreibaludev.PagelessUITests;
				PRODUCT_NAME = "$(TARGET_NAME)";
				STRING_CATALOG_GENERATE_SYMBOLS = NO;
				SWIFT_APPROACHABLE_CONCURRENCY = YES;
				SWIFT_EMIT_LOC_STRINGS = NO;
				SWIFT_UPCOMING_FEATURE_MEMBER_IMPORT_VISIBILITY = YES;
				SWIFT_VERSION = 5.0;
				TARGETED_DEVICE_FAMILY = 1;
				TEST_TARGET_NAME = Pageless;
			};
			name = Debug;
		};
		BC74D8112F6986AD0070910C /* Release */ = {
			isa = XCBuildConfiguration;
			buildSettings = {
				CODE_SIGN_STYLE = Automatic;
				CURRENT_PROJECT_VERSION = 1;
				DEVELOPMENT_TEAM = WR23UX8DY4;
				GENERATE_INFOPLIST_FILE = YES;
				MARKETING_VERSION = 1.3.3;
				PRODUCT_BUNDLE_IDENTIFIER = andreibaludev.PagelessUITests;
				PRODUCT_NAME = "$(TARGET_NAME)";
				STRING_CATALOG_GENERATE_SYMBOLS = NO;
				SWIFT_APPROACHABLE_CONCURRENCY = YES;
				SWIFT_EMIT_LOC_STRINGS = NO;
				SWIFT_UPCOMING_FEATURE_MEMBER_IMPORT_VISIBILITY = YES;
				SWIFT_VERSION = 5.0;
				TARGETED_DEVICE_FAMILY = 1;
				TEST_TARGET_NAME = Pageless;
			};
			name = Release;
		};
/* End XCBuildConfiguration section */

/* Begin XCConfigurationList section */
		A10000000000000000000015 /* Build configuration list for PBXNativeTarget "PagelessDownloadActivity" */ = {
			isa = XCConfigurationList;
			buildConfigurations = (
				A10000000000000000000013 /* Debug */,
				A10000000000000000000014 /* Release */,
			);
			defaultConfigurationIsVisible = 0;
			defaultConfigurationName = Release;
		};
		BC74D7E12F6986AC0070910C /* Build configuration list for PBXProject "Pageless" */ = {
			isa = XCConfigurationList;
			buildConfigurations = (
				BC74D8072F6986AD0070910C /* Debug */,
				BC74D8082F6986AD0070910C /* Release */,
			);
			defaultConfigurationIsVisible = 0;
			defaultConfigurationName = Release;
		};
		BC74D8092F6986AD0070910C /* Build configuration list for PBXNativeTarget "Pageless" */ = {
			isa = XCConfigurationList;
			buildConfigurations = (
				BC74D80A2F6986AD0070910C /* Debug */,
				BC74D80B2F6986AD0070910C /* Release */,
			);
			defaultConfigurationIsVisible = 0;
			defaultConfigurationName = Release;
		};
		BC74D80C2F6986AD0070910C /* Build configuration list for PBXNativeTarget "PagelessTests" */ = {
			isa = XCConfigurationList;
			buildConfigurations = (
				BC74D80D2F6986AD0070910C /* Debug */,
				BC74D80E2F6986AD0070910C /* Release */,
			);
			defaultConfigurationIsVisible = 0;
			defaultConfigurationName = Release;
		};
		BC74D80F2F6986AD0070910C /* Build configuration list for PBXNativeTarget "PagelessUITests" */ = {
			isa = XCConfigurationList;
			buildConfigurations = (
				BC74D8102F6986AD0070910C /* Debug */,
				BC74D8112F6986AD0070910C /* Release */,
			);
			defaultConfigurationIsVisible = 0;
			defaultConfigurationName = Release;
		};
/* End XCConfigurationList section */
	};
	rootObject = BC74D7DE2F6986AC0070910C /* Project object */;
}
